
Microsoft Visual Studio Solution File, Format Version 12.00
# Visual Studio Version 16
VisualStudioVersion = 16.0.31205.134
MinimumVisualStudioVersion = 10.0.40219.1
Project("{FAE04EC0-301F-11D3-BF4B-00C04F79EFBC}") = "RockPaperScissors", "RockPaperScissors\RockPaperScissors.csproj", "{AC396998-0BB5-4149-A212-FF22AF35F620}"
EndProject
Global
	GlobalSection(SolutionConfigurationPlatforms) = preSolution
		Debug|Any CPU = Debug|Any CPU
		Release|Any CPU = Release|Any CPU
	EndGlobalSection
	GlobalSection(ProjectConfigurationPlatforms) = postSolution
		{AC396998-0BB5-4149-A212-FF22AF35F620}.Debug|Any CPU.ActiveCfg = Debug|Any CPU
		{AC396998-0BB5-4149-A212-FF22AF35F620}.Debug|Any CPU.Build.0 = Debug|Any CPU
		{AC396998-0BB5-4149-A212-FF22AF35F620}.Release|Any CPU.ActiveCfg = Release|Any CPU
		{AC396998-0BB5-4149-A212-FF22AF35F620}.Release|Any CPU.Build.0 = Release|Any CPU
	EndGlobalSection
	GlobalSection(SolutionProperties) = preSolution
		HideSolutionNode = FALSE
	EndGlobalSection
	GlobalSection(ExtensibilityGlobals) = postSolution
		SolutionGuid = {97266637-3EB3-4E53-AF1A-710A62DC6D43}
	EndGlobalSection
EndGlobal
